
Microsoft Visual Studio Solution File, Format Version 12.00
# Visual Studio Version 17
VisualStudioVersion = 17.7.34221.43
MinimumVisualStudioVersion = 10.0.40219.1
Project("{FAE04EC0-301F-11D3-BF4B-00C04F79EFBC}") = "Workaround", "Workaround\Workaround.csproj", "{9E737DEC-7460-455A-AD67-52DB438E11C8}"
EndProject
Project("{FAE04EC0-301F-11D3-BF4B-00C04F79EFBC}") = "Entities", "Entities\Entities.csproj", "{C2DCF5C3-DC62-467D-8D31-DEE3C2E38F5E}"
EndProject
Project("{FAE04EC0-301F-11D3-BF4B-00C04F79EFBC}") = "Business", "Business\Business.csproj", "{48CCD048-626A-4D9A-8884-D5FF7E5E8026}"
EndProject
Global
	GlobalSection(SolutionConfigurationPlatforms) = preSolution
		Debug|Any CPU = Debug|Any CPU
		Release|Any CPU = Release|Any CPU
	EndGlobalSection
	GlobalSection(ProjectConfigurationPlatforms) = postSolution
		{9E737DEC-7460-455A-AD67-52DB438E11C8}.Debug|Any CPU.ActiveCfg = Debug|Any CPU
		{9E737DEC-7460-455A-AD67-52DB438E11C8}.Debug|Any CPU.Build.0 = Debug|Any CPU
		{9E737DEC-7460-455A-AD67-52DB438E11C8}.Release|Any CPU.ActiveCfg = Release|Any CPU
		{9E737DEC-7460-455A-AD67-52DB438E11C8}.Release|Any CPU.Build.0 = Release|Any CPU
		{C2DCF5C3-DC62-467D-8D31-DEE3C2E38F5E}.Debug|Any CPU.ActiveCfg = Debug|Any CPU
		{C2DCF5C3-DC62-467D-8D31-DEE3C2E38F5E}.Debug|Any CPU.Build.0 = Debug|Any CPU
		{C2DCF5C3-DC62-467D-8D31-DEE3C2E38F5E}.Release|Any CPU.ActiveCfg = Release|Any CPU
		{C2DCF5C3-DC62-467D-8D31-DEE3C2E38F5E}.Release|Any CPU.Build.0 = Release|Any CPU
		{48CCD048-626A-4D9A-8884-D5FF7E5E8026}.Debug|Any CPU.ActiveCfg = Debug|Any CPU
		{48CCD048-626A-4D9A-8884-D5FF7E5E8026}.Debug|Any CPU.Build.0 = Debug|Any CPU
		{48CCD048-626A-4D9A-8884-D5FF7E5E8026}.Release|Any CPU.ActiveCfg = Release|Any CPU
		{48CCD048-626A-4D9A-8884-D5FF7E5E8026}.Release|Any CPU.Build.0 = Release|Any CPU
	EndGlobalSection
	GlobalSection(SolutionProperties) = preSolution
		HideSolutionNode = FALSE
	EndGlobalSection
	GlobalSection(ExtensibilityGlobals) = postSolution
		SolutionGuid = {22AD5F42-82FA-4765-AEAD-C7CD635F6F9B}
	EndGlobalSection
EndGlobal
